
Microsoft Visual Studio Solution File, Format Version 12.00
# Visual Studio 15
VisualStudioVersion = 15.0.28306.52
MinimumVisualStudioVersion = 10.0.40219.1
Project("{FAE04EC0-301F-11D3-BF4B-00C04F79EFBC}") = "SpiritLevel.Android", "SpiritLevel\SpiritLevel.Android\SpiritLevel.Android.csproj", "{A5D97957-064D-4CA9-8262-BCF77DEB1E3A}"
EndProject
Project("{FAE04EC0-301F-11D3-BF4B-00C04F79EFBC}") = "SpiritLevel.iOS", "SpiritLevel\SpiritLevel.iOS\SpiritLevel.iOS.csproj", "{0E8B0251-D9DA-4482-BFA9-9FB9F08E7F0A}"
EndProject
Project("{FAE04EC0-301F-11D3-BF4B-00C04F79EFBC}") = "SpiritLevel.UWP", "SpiritLevel\SpiritLevel.UWP\SpiritLevel.UWP.csproj", "{68FB8DE2-7B2E-4C9C-869E-A06CB033A024}"
EndProject
Project("{FAE04EC0-301F-11D3-BF4B-00C04F79EFBC}") = "SpiritLevel", "SpiritLevel\SpiritLevel\SpiritLevel.csproj", "{DA435DD0-40D3-46FA-B84C-02B8214857FB}"
EndProject
Global
	GlobalSection(SolutionConfigurationPlatforms) = preSolution
		Ad-Hoc|Any CPU = Ad-Hoc|Any CPU
		Ad-Hoc|ARM = Ad-Hoc|ARM
		Ad-Hoc|iPhone = Ad-Hoc|iPhone
		Ad-Hoc|iPhoneSimulator = Ad-Hoc|iPhoneSimulator
		Ad-Hoc|x64 = Ad-Hoc|x64
		Ad-Hoc|x86 = Ad-Hoc|x86
		AppStore|Any CPU = AppStore|Any CPU
		AppStore|ARM = AppStore|ARM
		AppStore|iPhone = AppStore|iPhone
		AppStore|iPhoneSimulator = AppStore|iPhoneSimulator
		AppStore|x64 = AppStore|x64
		AppStore|x86 = AppStore|x86
		Debug|Any CPU = Debug|Any CPU
		Debug|ARM = Debug|ARM
		Debug|iPhone = Debug|iPhone
		Debug|iPhoneSimulator = Debug|iPhoneSimulator
		Debug|x64 = Debug|x64
		Debug|x86 = Debug|x86
		Release|Any CPU = Release|Any CPU
		Release|ARM = Release|ARM
		Release|iPhone = Release|iPhone
		Release|iPhoneSimulator = Release|iPhoneSimulator
		Release|x64 = Release|x64
		Release|x86 = Release|x86
	EndGlobalSection
	GlobalSection(ProjectConfigurationPlatforms) = postSolution
		{A5D97957-064D-4CA9-8262-BCF77DEB1E3A}.Ad-Hoc|Any CPU.ActiveCfg = Release|Any CPU
		{A5D97957-064D-4CA9-8262-BCF77DEB1E3A}.Ad-Hoc|Any CPU.Build.0 = Release|Any CPU
		{A5D97957-064D-4CA9-8262-BCF77DEB1E3A}.Ad-Hoc|Any CPU.Deploy.0 = Release|Any CPU
		{A5D97957-064D-4CA9-8262-BCF77DEB1E3A}.Ad-Hoc|ARM.ActiveCfg = Release|Any CPU
		{A5D97957-064D-4CA9-8262-BCF77DEB1E3A}.Ad-Hoc|ARM.Build.0 = Release|Any CPU
		{A5D97957-064D-4CA9-8262-BCF77DEB1E3A}.Ad-Hoc|ARM.Deploy.0 = Release|Any CPU
		{A5D97957-064D-4CA9-8262-BCF77DEB1E3A}.Ad-Hoc|iPhone.ActiveCfg = Release|Any CPU
		{A5D97957-064D-4CA9-8262-BCF77DEB1E3A}.Ad-Hoc|iPhone.Build.0 = Release|Any CPU
		{A5D97957-064D-4CA9-8262-BCF77DEB1E3A}.Ad-Hoc|iPhone.Deploy.0 = Release|Any CPU
		{A5D97957-064D-4CA9-8262-BCF77DEB1E3A}.Ad-Hoc|iPhoneSimulator.ActiveCfg = Release|Any CPU
		{A5D97957-064D-4CA9-8262-BCF77DEB1E3A}.Ad-Hoc|iPhoneSimulator.Build.0 = Release|Any CPU
		{A5D97957-064D-4CA9-8262-BCF77DEB1E3A}.Ad-Hoc|iPhoneSimulator.Deploy.0 = Release|Any CPU
		{A5D97957-064D-4CA9-8262-BCF77DEB1E3A}.Ad-Hoc|x64.ActiveCfg = Release|Any CPU
		{A5D97957-064D-4CA9-8262-BCF77DEB1E3A}.Ad-Hoc|x64.Build.0 = Release|Any CPU
		{A5D97957-064D-4CA9-8262-BCF77DEB1E3A}.Ad-Hoc|x64.Deploy.0 = Release|Any CPU
		{A5D97957-064D-4CA9-8262-BCF77DEB1E3A}.Ad-Hoc|x86.ActiveCfg = Release|Any CPU
		{A5D97957-064D-4CA9-8262-BCF77DEB1E3A}.Ad-Hoc|x86.Build.0 = Release|Any CPU
		{A5D97957-064D-4CA9-8262-BCF77DEB1E3A}.Ad-Hoc|x86.Deploy.0 = Release|Any CPU
		{A5D97957-064D-4CA9-8262-BCF77DEB1E3A}.AppStore|Any CPU.ActiveCfg = Release|Any CPU
		{A5D97957-064D-4CA9-8262-BCF77DEB1E3A}.AppStore|Any CPU.Build.0 = Release|Any CPU
		{A5D97957-064D-4CA9-8262-BCF77DEB1E3A}.AppStore|Any CPU.Deploy.0 = Release|Any CPU
		{A5D97957-064D-4CA9-8262-BCF77DEB1E3A}.AppStore|ARM.ActiveCfg = Release|Any CPU
		{A5D97957-064D-4CA9-8262-BCF77DEB1E3A}.AppStore|ARM.Build.0 = Release|Any CPU
		{A5D97957-064D-4CA9-8262-BCF77DEB1E3A}.AppStore|ARM.Deploy.0 = Release|Any CPU
		{A5D97957-064D-4CA9-8262-BCF77DEB1E3A}.AppStore|iPhone.ActiveCfg = Release|Any CPU
		{A5D97957-064D-4CA9-8262-BCF77DEB1E3A}.AppStore|iPhone.Build.0 = Release|Any CPU
		{A5D97957-064D-4CA9-8262-BCF77DEB1E3A}.AppStore|iPhone.Deploy.0 = Release|Any CPU
		{A5D97957-064D-4CA9-8262-BCF77DEB1E3A}.AppStore|iPhoneSimulator.ActiveCfg = Release|Any CPU
		{A5D97957-064D-4CA9-8262-BCF77DEB1E3A}.AppStore|iPhoneSimulator.Build.0 = Release|Any CPU
		{A5D97957-064D-4CA9-8262-BCF77DEB1E3A}.AppStore|iPhoneSimulator.Deploy.0 = Release|Any CPU
		{A5D97957-064D-4CA9-8262-BCF77DEB1E3A}.AppStore|x64.ActiveCfg = Release|Any CPU
		{A5D97957-064D-4CA9-8262-BCF77DEB1E3A}.AppStore|x64.Build.0 = Release|Any CPU
		{A5D97957-064D-4CA9-8262-BCF77DEB1E3A}.AppStore|x64.Deploy.0 = Release|Any CPU
		{A5D97957-064D-4CA9-8262-BCF77DEB1E3A}.AppStore|x86.ActiveCfg = Release|Any CPU
		{A5D97957-064D-4CA9-8262-BCF77DEB1E3A}.AppStore|x86.Build.0 = Release|Any CPU
		{A5D97957-064D-4CA9-8262-BCF77DEB1E3A}.AppStore|x86.Deploy.0 = Release|Any CPU
		{A5D97957-064D-4CA9-8262-BCF77DEB1E3A}.Debug|Any CPU.ActiveCfg = Debug|Any CPU
		{A5D97957-064D-4CA9-8262-BCF77DEB1E3A}.Debug|Any CPU.Build.0 = Debug|Any CPU
		{A5D97957-064D-4CA9-8262-BCF77DEB1E3A}.Debug|Any CPU.Deploy.0 = Debug|Any CPU
		{A5D97957-064D-4CA9-8262-BCF77DEB1E3A}.Debug|ARM.ActiveCfg = Debug|Any CPU
		{A5D97957-064D-4CA9-8262-BCF77DEB1E3A}.Debug|ARM.Build.0 = Debug|Any CPU
		{A5D97957-064D-4CA9-8262-BCF77DEB1E3A}.Debug|ARM.Deploy.0 = Debug|Any CPU
		{A5D97957-064D-4CA9-8262-BCF77DEB1E3A}.Debug|iPhone.ActiveCfg = Debug|Any CPU
		{A5D97957-064D-4CA9-8262-BCF77DEB1E3A}.Debug|iPhone.Build.0 = Debug|Any CPU
		{A5D97957-064D-4CA9-8262-BCF77DEB1E3A}.Debug|iPhone.Deploy.0 = Debug|Any CPU
		{A5D97957-064D-4CA9-8262-BCF77DEB1E3A}.Debug|iPhoneSimulator.ActiveCfg = Debug|Any CPU
		{A5D97957-064D-4CA9-8262-BCF77DEB1E3A}.Debug|iPhoneSimulator.Build.0 = Debug|Any CPU
		{A5D97957-064D-4CA9-8262-BCF77DEB1E3A}.Debug|iPhoneSimulator.Deploy.0 = Debug|Any CPU
		{A5D97957-064D-4CA9-8262-BCF77DEB1E3A}.Debug|x64.ActiveCfg = Debug|Any CPU
		{A5D97957-064D-4CA9-8262-BCF77DEB1E3A}.Debug|x64.Build.0 = Debug|Any CPU
		{A5D97957-064D-4CA9-8262-BCF77DEB1E3A}.Debug|x64.Deploy.0 = Debug|Any CPU
		{A5D97957-064D-4CA9-8262-BCF77DEB1E3A}.Debug|x86.ActiveCfg = Debug|Any CPU
		{A5D97957-064D-4CA9-8262-BCF77DEB1E3A}.Debug|x86.Build.0 = Debug|Any CPU
		{A5D97957-064D-4CA9-8262-BCF77DEB1E3A}.Debug|x86.Deploy.0 = Debug|Any CPU
		{A5D97957-064D-4CA9-8262-BCF77DEB1E3A}.Release|Any CPU.ActiveCfg = Release|Any CPU
		{A5D97957-064D-4CA9-8262-BCF77DEB1E3A}.Release|Any CPU.Build.0 = Release|Any CPU
		{A5D97957-064D-4CA9-8262-BCF77DEB1E3A}.Release|Any CPU.Deploy.0 = Release|Any CPU
		{A5D97957-064D-4CA9-8262-BCF77DEB1E3A}.Release|ARM.ActiveCfg = Release|Any CPU
		{A5D97957-064D-4CA9-8262-BCF77DEB1E3A}.Release|ARM.Build.0 = Release|Any CPU
		{A5D97957-064D-4CA9-8262-BCF77DEB1E3A}.Release|ARM.Deploy.0 = Release|Any CPU
		{A5D97957-064D-4CA9-8262-BCF77DEB1E3A}.Release|iPhone.ActiveCfg = Release|Any CPU
		{A5D97957-064D-4CA9-8262-BCF77DEB1E3A}.Release|iPhone.Build.0 = Release|Any CPU
		{A5D97957-064D-4CA9-8262-BCF77DEB1E3A}.Release|iPhone.Deploy.0 = Release|Any CPU
		{A5D97957-064D-4CA9-8262-BCF77DEB1E3A}.Release|iPhoneSimulator.ActiveCfg = Release|Any CPU
		{A5D97957-064D-4CA9-8262-BCF77DEB1E3A}.Release|iPhoneSimulator.Build.0 = Release|Any CPU
		{A5D97957-064D-4CA9-8262-BCF77DEB1E3A}.Release|iPhoneSimulator.Deploy.0 = Release|Any CPU
		{A5D97957-064D-4CA9-8262-BCF77DEB1E3A}.Release|x64.ActiveCfg = Release|Any CPU
		{A5D97957-064D-4CA9-8262-BCF77DEB1E3A}.Release|x64.Build.0 = Release|Any CPU
		{A5D97957-064D-4CA9-8262-BCF77DEB1E3A}.Release|x64.Deploy.0 = Release|Any CPU
		{A5D97957-064D-4CA9-8262-BCF77DEB1E3A}.Release|x86.ActiveCfg = Release|Any CPU
		{A5D97957-064D-4CA9-8262-BCF77DEB1E3A}.Release|x86.Build.0 = Release|Any CPU
		{A5D97957-064D-4CA9-8262-BCF77DEB1E3A}.Release|x86.Deploy.0 = Release|Any CPU
		{0E8B0251-D9DA-4482-BFA9-9FB9F08E7F0A}.Ad-Hoc|Any CPU.ActiveCfg = Ad-Hoc|iPhone
		{0E8B0251-D9DA-4482-BFA9-9FB9F08E7F0A}.Ad-Hoc|Any CPU.Build.0 = Ad-Hoc|iPhone
		{0E8B0251-D9DA-4482-BFA9-9FB9F08E7F0A}.Ad-Hoc|Any CPU.Deploy.0 = Ad-Hoc|iPhone
		{0E8B0251-D9DA-4482-BFA9-9FB9F08E7F0A}.Ad-Hoc|ARM.ActiveCfg = Ad-Hoc|iPhone
		{0E8B0251-D9DA-4482-BFA9-9FB9F08E7F0A}.Ad-Hoc|ARM.Build.0 = Ad-Hoc|iPhone
		{0E8B0251-D9DA-4482-BFA9-9FB9F08E7F0A}.Ad-Hoc|ARM.Deploy.0 = Ad-Hoc|iPhone
		{0E8B0251-D9DA-4482-BFA9-9FB9F08E7F0A}.Ad-Hoc|iPhone.ActiveCfg = Ad-Hoc|iPhone
		{0E8B0251-D9DA-4482-BFA9-9FB9F08E7F0A}.Ad-Hoc|iPhone.Build.0 = Ad-Hoc|iPhone
		{0E8B0251-D9DA-4482-BFA9-9FB9F08E7F0A}.Ad-Hoc|iPhone.Deploy.0 = Ad-Hoc|iPhone
		{0E8B0251-D9DA-4482-BFA9-9FB9F08E7F0A}.Ad-Hoc|iPhoneSimulator.ActiveCfg = Ad-Hoc|iPhoneSimulator
		{0E8B0251-D9DA-4482-BFA9-9FB9F08E7F0A}.Ad-Hoc|iPhoneSimulator.Build.0 = Ad-Hoc|iPhoneSimulator
		{0E8B0251-D9DA-4482-BFA9-9FB9F08E7F0A}.Ad-Hoc|iPhoneSimulator.Deploy.0 = Ad-Hoc|iPhoneSimulator
		{0E8B0251-D9DA-4482-BFA9-9FB9F08E7F0A}.Ad-Hoc|x64.ActiveCfg = Ad-Hoc|iPhone
		{0E8B0251-D9DA-4482-BFA9-9FB9F08E7F0A}.Ad-Hoc|x64.Build.0 = Ad-Hoc|iPhone
		{0E8B0251-D9DA-4482-BFA9-9FB9F08E7F0A}.Ad-Hoc|x64.Deploy.0 = Ad-Hoc|iPhone
		{0E8B0251-D9DA-4482-BFA9-9FB9F08E7F0A}.Ad-Hoc|x86.ActiveCfg = Ad-Hoc|iPhone
		{0E8B0251-D9DA-4482-BFA9-9FB9F08E7F0A}.Ad-Hoc|x86.Build.0 = Ad-Hoc|iPhone
		{0E8B0251-D9DA-4482-BFA9-9FB9F08E7F0A}.Ad-Hoc|x86.Deploy.0 = Ad-Hoc|iPhone
		{0E8B0251-D9DA-4482-BFA9-9FB9F08E7F0A}.AppStore|Any CPU.ActiveCfg = AppStore|iPhone
		{0E8B0251-D9DA-4482-BFA9-9FB9F08E7F0A}.AppStore|Any CPU.Build.0 = AppStore|iPhone
		{0E8B0251-D9DA-4482-BFA9-9FB9F08E7F0A}.AppStore|Any CPU.Deploy.0 = AppStore|iPhone
		{0E8B0251-D9DA-4482-BFA9-9FB9F08E7F0A}.AppStore|ARM.ActiveCfg = AppStore|iPhone
		{0E8B0251-D9DA-4482-BFA9-9FB9F08E7F0A}.AppStore|ARM.Build.0 = AppStore|iPhone
		{0E8B0251-D9DA-4482-BFA9-9FB9F08E7F0A}.AppStore|ARM.Deploy.0 = AppStore|iPhone
		{0E8B0251-D9DA-4482-BFA9-9FB9F08E7F0A}.AppStore|iPhone.ActiveCfg = AppStore|iPhone
		{0E8B0251-D9DA-4482-BFA9-9FB9F08E7F0A}.AppStore|iPhone.Build.0 = AppStore|iPhone
		{0E8B0251-D9DA-4482-BFA9-9FB9F08E7F0A}.AppStore|iPhone.Deploy.0 = AppStore|iPhone
		{0E8B0251-D9DA-4482-BFA9-9FB9F08E7F0A}.AppStore|iPhoneSimulator.ActiveCfg = AppStore|iPhoneSimulator
		{0E8B0251-D9DA-4482-BFA9-9FB9F08E7F0A}.AppStore|iPhoneSimulator.Build.0 = AppStore|iPhoneSimulator
		{0E8B0251-D9DA-4482-BFA9-9FB9F08E7F0A}.AppStore|iPhoneSimulator.Deploy.0 = AppStore|iPhoneSimulator
		{0E8B0251-D9DA-4482-BFA9-9FB9F08E7F0A}.AppStore|x64.ActiveCfg = AppStore|iPhone
		{0E8B0251-D9DA-4482-BFA9-9FB9F08E7F0A}.AppStore|x64.Build.0 = AppStore|iPhone
		{0E8B0251-D9DA-4482-BFA9-9FB9F08E7F0A}.AppStore|x64.Deploy.0 = AppStore|iPhone
		{0E8B0251-D9DA-4482-BFA9-9FB9F08E7F0A}.AppStore|x86.ActiveCfg = AppStore|iPhone
		{0E8B0251-D9DA-4482-BFA9-9FB9F08E7F0A}.AppStore|x86.Build.0 = AppStore|iPhone
		{0E8B0251-D9DA-4482-BFA9-9FB9F08E7F0A}.AppStore|x86.Deploy.0 = AppStore|iPhone
		{0E8B0251-D9DA-4482-BFA9-9FB9F08E7F0A}.Debug|Any CPU.ActiveCfg = Debug|iPhoneSimulator
		{0E8B0251-D9DA-4482-BFA9-9FB9F08E7F0A}.Debug|Any CPU.Build.0 = Debug|iPhoneSimulator
		{0E8B0251-D9DA-4482-BFA9-9FB9F08E7F0A}.Debug|Any CPU.Deploy.0 = Debug|iPhoneSimulator
		{0E8B0251-D9DA-4482-BFA9-9FB9F08E7F0A}.Debug|ARM.ActiveCfg = Debug|iPhone
		{0E8B0251-D9DA-4482-BFA9-9FB9F08E7F0A}.Debug|ARM.Build.0 = Debug|iPhone
		{0E8B0251-D9DA-4482-BFA9-9FB9F08E7F0A}.Debug|ARM.Deploy.0 = Debug|iPhone
		{0E8B0251-D9DA-4482-BFA9-9FB9F08E7F0A}.Debug|iPhone.ActiveCfg = Debug|iPhone
		{0E8B0251-D9DA-4482-BFA9-9FB9F08E7F0A}.Debug|iPhone.Build.0 = Debug|iPhone
		{0E8B0251-D9DA-4482-BFA9-9FB9F08E7F0A}.Debug|iPhone.Deploy.0 = Debug|iPhone
		{0E8B0251-D9DA-4482-BFA9-9FB9F08E7F0A}.Debug|iPhoneSimulator.ActiveCfg = Debug|iPhoneSimulator
		{0E8B0251-D9DA-4482-BFA9-9FB9F08E7F0A}.Debug|iPhoneSimulator.Build.0 = Debug|iPhoneSimulator
		{0E8B0251-D9DA-4482-BFA9-9FB9F08E7F0A}.Debug|iPhoneSimulator.Deploy.0 = Debug|iPhoneSimulator
		{0E8B0251-D9DA-4482-BFA9-9FB9F08E7F0A}.Debug|x64.ActiveCfg = Debug|iPhone
		{0E8B0251-D9DA-4482-BFA9-9FB9F08E7F0A}.Debug|x64.Build.0 = Debug|iPhone
		{0E8B0251-D9DA-4482-BFA9-9FB9F08E7F0A}.Debug|x64.Deploy.0 = Debug|iPhone
		{0E8B0251-D9DA-4482-BFA9-9FB9F08E7F0A}.Debug|x86.ActiveCfg = Debug|iPhone
		{0E8B0251-D9DA-4482-BFA9-9FB9F08E7F0A}.Debug|x86.Build.0 = Debug|iPhone
		{0E8B0251-D9DA-4482-BFA9-9FB9F08E7F0A}.Debug|x86.Deploy.0 = Debug|iPhone
		{0E8B0251-D9DA-4482-BFA9-9FB9F08E7F0A}.Release|Any CPU.ActiveCfg = Release|iPhone
		{0E8B0251-D9DA-4482-BFA9-9FB9F08E7F0A}.Release|Any CPU.Build.0 = Release|iPhone
		{0E8B0251-D9DA-4482-BFA9-9FB9F08E7F0A}.Release|Any CPU.Deploy.0 = Release|iPhone
		{0E8B0251-D9DA-4482-BFA9-9FB9F08E7F0A}.Release|ARM.ActiveCfg = Release|iPhone
		{0E8B0251-D9DA-4482-BFA9-9FB9F08E7F0A}.Release|ARM.Build.0 = Release|iPhone
		{0E8B0251-D9DA-4482-BFA9-9FB9F08E7F0A}.Release|ARM.Deploy.0 = Release|iPhone
		{0E8B0251-D9DA-4482-BFA9-9FB9F08E7F0A}.Release|iPhone.ActiveCfg = Release|iPhone
		{0E8B0251-D9DA-4482-BFA9-9FB9F08E7F0A}.Release|iPhone.Build.0 = Release|iPhone
		{0E8B0251-D9DA-4482-BFA9-9FB9F08E7F0A}.Release|iPhone.Deploy.0 = Release|iPhone
		{0E8B0251-D9DA-4482-BFA9-9FB9F08E7F0A}.Release|iPhoneSimulator.ActiveCfg = Release|iPhoneSimulator
		{0E8B0251-D9DA-4482-BFA9-9FB9F08E7F0A}.Release|iPhoneSimulator.Build.0 = Release|iPhoneSimulator
		{0E8B0251-D9DA-4482-BFA9-9FB9F08E7F0A}.Release|iPhoneSimulator.Deploy.0 = Release|iPhoneSimulator
		{0E8B0251-D9DA-4482-BFA9-9FB9F08E7F0A}.Release|x64.ActiveCfg = Release|iPhone
		{0E8B0251-D9DA-4482-BFA9-9FB9F08E7F0A}.Release|x64.Build.0 = Release|iPhone
		{0E8B0251-D9DA-4482-BFA9-9FB9F08E7F0A}.Release|x64.Deploy.0 = Release|iPhone
		{0E8B0251-D9DA-4482-BFA9-9FB9F08E7F0A}.Release|x86.ActiveCfg = Release|iPhone
		{0E8B0251-D9DA-4482-BFA9-9FB9F08E7F0A}.Release|x86.Build.0 = Release|iPhone
		{0E8B0251-D9DA-4482-BFA9-9FB9F08E7F0A}.Release|x86.Deploy.0 = Release|iPhone
		{68FB8DE2-7B2E-4C9C-869E-A06CB033A024}.Ad-Hoc|Any CPU.ActiveCfg = Release|x86
		{68FB8DE2-7B2E-4C9C-869E-A06CB033A024}.Ad-Hoc|Any CPU.Build.0 = Release|x86
		{68FB8DE2-7B2E-4C9C-869E-A06CB033A024}.Ad-Hoc|Any CPU.Deploy.0 = Release|x86
		{68FB8DE2-7B2E-4C9C-869E-A06CB033A024}.Ad-Hoc|ARM.ActiveCfg = Release|ARM
		{68FB8DE2-7B2E-4C9C-869E-A06CB033A024}.Ad-Hoc|ARM.Build.0 = Release|ARM
		{68FB8DE2-7B2E-4C9C-869E-A06CB033A024}.Ad-Hoc|ARM.Deploy.0 = Release|ARM
		{68FB8DE2-7B2E-4C9C-869E-A06CB033A024}.Ad-Hoc|iPhone.ActiveCfg = Release|x86
		{68FB8DE2-7B2E-4C9C-869E-A06CB033A024}.Ad-Hoc|iPhone.Build.0 = Release|x86
		{68FB8DE2-7B2E-4C9C-869E-A06CB033A024}.Ad-Hoc|iPhone.Deploy.0 = Release|x86
		{68FB8DE2-7B2E-4C9C-869E-A06CB033A024}.Ad-Hoc|iPhoneSimulator.ActiveCfg = Release|x86
		{68FB8DE2-7B2E-4C9C-869E-A06CB033A024}.Ad-Hoc|iPhoneSimulator.Build.0 = Release|x86
		{68FB8DE2-7B2E-4C9C-869E-A06CB033A024}.Ad-Hoc|iPhoneSimulator.Deploy.0 = Release|x86
		{68FB8DE2-7B2E-4C9C-869E-A06CB033A024}.Ad-Hoc|x64.ActiveCfg = Release|x64
		{68FB8DE2-7B2E-4C9C-869E-A06CB033A024}.Ad-Hoc|x64.Build.0 = Release|x64
		{68FB8DE2-7B2E-4C9C-869E-A06CB033A024}.Ad-Hoc|x64.Deploy.0 = Release|x64
		{68FB8DE2-7B2E-4C9C-869E-A06CB033A024}.Ad-Hoc|x86.ActiveCfg = Release|x86
		{68FB8DE2-7B2E-4C9C-869E-A06CB033A024}.Ad-Hoc|x86.Build.0 = Release|x86
		{68FB8DE2-7B2E-4C9C-869E-A06CB033A024}.Ad-Hoc|x86.Deploy.0 = Release|x86
		{68FB8DE2-7B2E-4C9C-869E-A06CB033A024}.AppStore|Any CPU.ActiveCfg = Release|x86
		{68FB8DE2-7B2E-4C9C-869E-A06CB033A024}.AppStore|Any CPU.Build.0 = Release|x86
		{68FB8DE2-7B2E-4C9C-869E-A06CB033A024}.AppStore|Any CPU.Deploy.0 = Release|x86
		{68FB8DE2-7B2E-4C9C-869E-A06CB033A024}.AppStore|ARM.ActiveCfg = Release|ARM
		{68FB8DE2-7B2E-4C9C-869E-A06CB033A024}.AppStore|ARM.Build.0 = Release|ARM
		{68FB8DE2-7B2E-4C9C-869E-A06CB033A024}.AppStore|ARM.Deploy.0 = Release|ARM
		{68FB8DE2-7B2E-4C9C-869E-A06CB033A024}.AppStore|iPhone.ActiveCfg = Release|x86
		{68FB8DE2-7B2E-4C9C-869E-A06CB033A024}.AppStore|iPhone.Build.0 = Release|x86
		{68FB8DE2-7B2E-4C9C-869E-A06CB033A024}.AppStore|iPhone.Deploy.0 = Release|x86
		{68FB8DE2-7B2E-4C9C-869E-A06CB033A024}.AppStore|iPhoneSimulator.ActiveCfg = Release|x86
		{68FB8DE2-7B2E-4C9C-869E-A06CB033A024}.AppStore|iPhoneSimulator.Build.0 = Release|x86
		{68FB8DE2-7B2E-4C9C-869E-A06CB033A024}.AppStore|iPhoneSimulator.Deploy.0 = Release|x86
		{68FB8DE2-7B2E-4C9C-869E-A06CB033A024}.AppStore|x64.ActiveCfg = Release|x64
		{68FB8DE2-7B2E-4C9C-869E-A06CB033A024}.AppStore|x64.Build.0 = Release|x64
		{68FB8DE2-7B2E-4C9C-869E-A06CB033A024}.AppStore|x64.Deploy.0 = Release|x64
		{68FB8DE2-7B2E-4C9C-869E-A06CB033A024}.AppStore|x86.ActiveCfg = Release|x86
		{68FB8DE2-7B2E-4C9C-869E-A06CB033A024}.AppStore|x86.Build.0 = Release|x86
		{68FB8DE2-7B2E-4C9C-869E-A06CB033A024}.AppStore|x86.Deploy.0 = Release|x86
		{68FB8DE2-7B2E-4C9C-869E-A06CB033A024}.Debug|Any CPU.ActiveCfg = Debug|x86
		{68FB8DE2-7B2E-4C9C-869E-A06CB033A024}.Debug|Any CPU.Build.0 = Debug|x86
		{68FB8DE2-7B2E-4C9C-869E-A06CB033A024}.Debug|Any CPU.Deploy.0 = Debug|x86
		{68FB8DE2-7B2E-4C9C-869E-A06CB033A024}.Debug|ARM.ActiveCfg = Debug|ARM
		{68FB8DE2-7B2E-4C9C-869E-A06CB033A024}.Debug|ARM.Build.0 = Debug|ARM
		{68FB8DE2-7B2E-4C9C-869E-A06CB033A024}.Debug|ARM.Deploy.0 = Debug|ARM
		{68FB8DE2-7B2E-4C9C-869E-A06CB033A024}.Debug|iPhone.ActiveCfg = Debug|x86
		{68FB8DE2-7B2E-4C9C-869E-A06CB033A024}.Debug|iPhone.Build.0 = Debug|x86
		{68FB8DE2-7B2E-4C9C-869E-A06CB033A024}.Debug|iPhone.Deploy.0 = Debug|x86
		{68FB8DE2-7B2E-4C9C-869E-A06CB033A024}.Debug|iPhoneSimulator.ActiveCfg = Debug|x86
		{68FB8DE2-7B2E-4C9C-869E-A06CB033A024}.Debug|iPhoneSimulator.Build.0 = Debug|x86
		{68FB8DE2-7B2E-4C9C-869E-A06CB033A024}.Debug|iPhoneSimulator.Deploy.0 = Debug|x86
		{68FB8DE2-7B2E-4C9C-869E-A06CB033A024}.Debug|x64.ActiveCfg = Debug|x64
		{68FB8DE2-7B2E-4C9C-869E-A06CB033A024}.Debug|x64.Build.0 = Debug|x64
		{68FB8DE2-7B2E-4C9C-869E-A06CB033A024}.Debug|x64.Deploy.0 = Debug|x64
		{68FB8DE2-7B2E-4C9C-869E-A06CB033A024}.Debug|x86.ActiveCfg = Debug|x86
		{68FB8DE2-7B2E-4C9C-869E-A06CB033A024}.Debug|x86.Build.0 = Debug|x86
		{68FB8DE2-7B2E-4C9C-869E-A06CB033A024}.Debug|x86.Deploy.0 = Debug|x86
		{68FB8DE2-7B2E-4C9C-869E-A06CB033A024}.Release|Any CPU.ActiveCfg = Release|x86
		{68FB8DE2-7B2E-4C9C-869E-A06CB033A024}.Release|Any CPU.Build.0 = Release|x86
		{68FB8DE2-7B2E-4C9C-869E-A06CB033A024}.Release|Any CPU.Deploy.0 = Release|x86
		{68FB8DE2-7B2E-4C9C-869E-A06CB033A024}.Release|ARM.ActiveCfg = Release|ARM
		{68FB8DE2-7B2E-4C9C-869E-A06CB033A024}.Release|ARM.Build.0 = Release|ARM
		{68FB8DE2-7B2E-4C9C-869E-A06CB033A024}.Release|ARM.Deploy.0 = Release|ARM
		{68FB8DE2-7B2E-4C9C-869E-A06CB033A024}.Release|iPhone.ActiveCfg = Release|x86
		{68FB8DE2-7B2E-4C9C-869E-A06CB033A024}.Release|iPhone.Build.0 = Release|x86
		{68FB8DE2-7B2E-4C9C-869E-A06CB033A024}.Release|iPhone.Deploy.0 = Release|x86
		{68FB8DE2-7B2E-4C9C-869E-A06CB033A024}.Release|iPhoneSimulator.ActiveCfg = Release|x86
		{68FB8DE2-7B2E-4C9C-869E-A06CB033A024}.Release|iPhoneSimulator.Build.0 = Release|x86
		{68FB8DE2-7B2E-4C9C-869E-A06CB033A024}.Release|iPhoneSimulator.Deploy.0 = Release|x86
		{68FB8DE2-7B2E-4C9C-869E-A06CB033A024}.Release|x64.ActiveCfg = Release|x64
		{68FB8DE2-7B2E-4C9C-869E-A06CB033A024}.Release|x64.Build.0 = Release|x64
		{68FB8DE2-7B2E-4C9C-869E-A06CB033A024}.Release|x64.Deploy.0 = Release|x64
		{68FB8DE2-7B2E-4C9C-869E-A06CB033A024}.Release|x86.ActiveCfg = Release|x86
		{68FB8DE2-7B2E-4C9C-869E-A06CB033A024}.Release|x86.Build.0 = Release|x86
		{68FB8DE2-7B2E-4C9C-869E-A06CB033A024}.Release|x86.Deploy.0 = Release|x86
		{DA435DD0-40D3-46FA-B84C-02B8214857FB}.Ad-Hoc|Any CPU.ActiveCfg = Debug|Any CPU
		{DA435DD0-40D3-46FA-B84C-02B8214857FB}.Ad-Hoc|Any CPU.Build.0 = Debug|Any CPU
		{DA435DD0-40D3-46FA-B84C-02B8214857FB}.Ad-Hoc|Any CPU.Deploy.0 = Debug|Any CPU
		{DA435DD0-40D3-46FA-B84C-02B8214857FB}.Ad-Hoc|ARM.ActiveCfg = Debug|Any CPU
		{DA435DD0-40D3-46FA-B84C-02B8214857FB}.Ad-Hoc|ARM.Build.0 = Debug|Any CPU
		{DA435DD0-40D3-46FA-B84C-02B8214857FB}.Ad-Hoc|ARM.Deploy.0 = Debug|Any CPU
		{DA435DD0-40D3-46FA-B84C-02B8214857FB}.Ad-Hoc|iPhone.ActiveCfg = Debug|Any CPU
		{DA435DD0-40D3-46FA-B84C-02B8214857FB}.Ad-Hoc|iPhone.Build.0 = Debug|Any CPU
		{DA435DD0-40D3-46FA-B84C-02B8214857FB}.Ad-Hoc|iPhone.Deploy.0 = Debug|Any CPU
		{DA435DD0-40D3-46FA-B84C-02B8214857FB}.Ad-Hoc|iPhoneSimulator.ActiveCfg = Debug|Any CPU
		{DA435DD0-40D3-46FA-B84C-02B8214857FB}.Ad-Hoc|iPhoneSimulator.Build.0 = Debug|Any CPU
		{DA435DD0-40D3-46FA-B84C-02B8214857FB}.Ad-Hoc|iPhoneSimulator.Deploy.0 = Debug|Any CPU
		{DA435DD0-40D3-46FA-B84C-02B8214857FB}.Ad-Hoc|x64.ActiveCfg = Debug|Any CPU
		{DA435DD0-40D3-46FA-B84C-02B8214857FB}.Ad-Hoc|x64.Build.0 = Debug|Any CPU
		{DA435DD0-40D3-46FA-B84C-02B8214857FB}.Ad-Hoc|x64.Deploy.0 = Debug|Any CPU
		{DA435DD0-40D3-46FA-B84C-02B8214857FB}.Ad-Hoc|x86.ActiveCfg = Debug|Any CPU
		{DA435DD0-40D3-46FA-B84C-02B8214857FB}.Ad-Hoc|x86.Build.0 = Debug|Any CPU
		{DA435DD0-40D3-46FA-B84C-02B8214857FB}.Ad-Hoc|x86.Deploy.0 = Debug|Any CPU
		{DA435DD0-40D3-46FA-B84C-02B8214857FB}.AppStore|Any CPU.ActiveCfg = Debug|Any CPU
		{DA435DD0-40D3-46FA-B84C-02B8214857FB}.AppStore|Any CPU.Build.0 = Debug|Any CPU
		{DA435DD0-40D3-46FA-B84C-02B8214857FB}.AppStore|Any CPU.Deploy.0 = Debug|Any CPU
		{DA435DD0-40D3-46FA-B84C-02B8214857FB}.AppStore|ARM.ActiveCfg = Debug|Any CPU
		{DA435DD0-40D3-46FA-B84C-02B8214857FB}.AppStore|ARM.Build.0 = Debug|Any CPU
		{DA435DD0-40D3-46FA-B84C-02B8214857FB}.AppStore|ARM.Deploy.0 = Debug|Any CPU
		{DA435DD0-40D3-46FA-B84C-02B8214857FB}.AppStore|iPhone.ActiveCfg = Debug|Any CPU
		{DA435DD0-40D3-46FA-B84C-02B8214857FB}.AppStore|iPhone.Build.0 = Debug|Any CPU
		{DA435DD0-40D3-46FA-B84C-02B8214857FB}.AppStore|iPhone.Deploy.0 = Debug|Any CPU
		{DA435DD0-40D3-46FA-B84C-02B8214857FB}.AppStore|iPhoneSimulator.ActiveCfg = Debug|Any CPU
		{DA435DD0-40D3-46FA-B84C-02B8214857FB}.AppStore|iPhoneSimulator.Build.0 = Debug|Any CPU
		{DA435DD0-40D3-46FA-B84C-02B8214857FB}.AppStore|iPhoneSimulator.Deploy.0 = Debug|Any CPU
		{DA435DD0-40D3-46FA-B84C-02B8214857FB}.AppStore|x64.ActiveCfg = Debug|Any CPU
		{DA435DD0-40D3-46FA-B84C-02B8214857FB}.AppStore|x64.Build.0 = Debug|Any CPU
		{DA435DD0-40D3-46FA-B84C-02B8214857FB}.AppStore|x64.Deploy.0 = Debug|Any CPU
		{DA435DD0-40D3-46FA-B84C-02B8214857FB}.AppStore|x86.ActiveCfg = Debug|Any CPU
		{DA435DD0-40D3-46FA-B84C-02B8214857FB}.AppStore|x86.Build.0 = Debug|Any CPU
		{DA435DD0-40D3-46FA-B84C-02B8214857FB}.AppStore|x86.Deploy.0 = Debug|Any CPU
		{DA435DD0-40D3-46FA-B84C-02B8214857FB}.Debug|Any CPU.ActiveCfg = Debug|Any CPU
		{DA435DD0-40D3-46FA-B84C-02B8214857FB}.Debug|Any CPU.Build.0 = Debug|Any CPU
		{DA435DD0-40D3-46FA-B84C-02B8214857FB}.Debug|Any CPU.Deploy.0 = Debug|Any CPU
		{DA435DD0-40D3-46FA-B84C-02B8214857FB}.Debug|ARM.ActiveCfg = Debug|Any CPU
		{DA435DD0-40D3-46FA-B84C-02B8214857FB}.Debug|ARM.Build.0 = Debug|Any CPU
		{DA435DD0-40D3-46FA-B84C-02B8214857FB}.Debug|ARM.Deploy.0 = Debug|Any CPU
		{DA435DD0-40D3-46FA-B84C-02B8214857FB}.Debug|iPhone.ActiveCfg = Debug|Any CPU
		{DA435DD0-40D3-46FA-B84C-02B8214857FB}.Debug|iPhone.Build.0 = Debug|Any CPU
		{DA435DD0-40D3-46FA-B84C-02B8214857FB}.Debug|iPhone.Deploy.0 = Debug|Any CPU
		{DA435DD0-40D3-46FA-B84C-02B8214857FB}.Debug|iPhoneSimulator.ActiveCfg = Debug|Any CPU
		{DA435DD0-40D3-46FA-B84C-02B8214857FB}.Debug|iPhoneSimulator.Build.0 = Debug|Any CPU
		{DA435DD0-40D3-46FA-B84C-02B8214857FB}.Debug|iPhoneSimulator.Deploy.0 = Debug|Any CPU
		{DA435DD0-40D3-46FA-B84C-02B8214857FB}.Debug|x64.ActiveCfg = Debug|Any CPU
		{DA435DD0-40D3-46FA-B84C-02B8214857FB}.Debug|x64.Build.0 = Debug|Any CPU
		{DA435DD0-40D3-46FA-B84C-02B8214857FB}.Debug|x64.Deploy.0 = Debug|Any CPU
		{DA435DD0-40D3-46FA-B84C-02B8214857FB}.Debug|x86.ActiveCfg = Debug|Any CPU
		{DA435DD0-40D3-46FA-B84C-02B8214857FB}.Debug|x86.Build.0 = Debug|Any CPU
		{DA435DD0-40D3-46FA-B84C-02B8214857FB}.Debug|x86.Deploy.0 = Debug|Any CPU
		{DA435DD0-40D3-46FA-B84C-02B8214857FB}.Release|Any CPU.ActiveCfg = Release|Any CPU
		{DA435DD0-40D3-46FA-B84C-02B8214857FB}.Release|Any CPU.Build.0 = Release|Any CPU
		{DA435DD0-40D3-46FA-B84C-02B8214857FB}.Release|Any CPU.Deploy.0 = Release|Any CPU
		{DA435DD0-40D3-46FA-B84C-02B8214857FB}.Release|ARM.ActiveCfg = Release|Any CPU
		{DA435DD0-40D3-46FA-B84C-02B8214857FB}.Release|ARM.Build.0 = Release|Any CPU
		{DA435DD0-40D3-46FA-B84C-02B8214857FB}.Release|ARM.Deploy.0 = Release|Any CPU
		{DA435DD0-40D3-46FA-B84C-02B8214857FB}.Release|iPhone.ActiveCfg = Release|Any CPU
		{DA435DD0-40D3-46FA-B84C-02B8214857FB}.Release|iPhone.Build.0 = Release|Any CPU
		{DA435DD0-40D3-46FA-B84C-02B8214857FB}.Release|iPhone.Deploy.0 = Release|Any CPU
		{DA435DD0-40D3-46FA-B84C-02B8214857FB}.Release|iPhoneSimulator.ActiveCfg = Release|Any CPU
		{DA435DD0-40D3-46FA-B84C-02B8214857FB}.Release|iPhoneSimulator.Build.0 = Release|Any CPU
		{DA435DD0-40D3-46FA-B84C-02B8214857FB}.Release|iPhoneSimulator.Deploy.0 = Release|Any CPU
		{DA435DD0-40D3-46FA-B84C-02B8214857FB}.Release|x64.ActiveCfg = Release|Any CPU
		{DA435DD0-40D3-46FA-B84C-02B8214857FB}.Release|x64.Build.0 = Release|Any CPU
		{DA435DD0-40D3-46FA-B84C-02B8214857FB}.Release|x64.Deploy.0 = Release|Any CPU
		{DA435DD0-40D3-46FA-B84C-02B8214857FB}.Release|x86.ActiveCfg = Release|Any CPU
		{DA435DD0-40D3-46FA-B84C-02B8214857FB}.Release|x86.Build.0 = Release|Any CPU
		{DA435DD0-40D3-46FA-B84C-02B8214857FB}.Release|x86.Deploy.0 = Release|Any CPU
	EndGlobalSection
	GlobalSection(SolutionProperties) = preSolution
		HideSolutionNode = FALSE
	EndGlobalSection
	GlobalSection(ExtensibilityGlobals) = postSolution
		SolutionGuid = {50D95700-3E59-461D-ADFF-5B0772AEC419}
	EndGlobalSection
EndGlobal
